dependencies:
- name: spire-lib
  repository: file://./charts/spire-lib
  version: 0.1.0
- name: spire-server
  repository: file://./charts/spire-server
  version: 0.1.0
- name: spire-agent
  repository: file://./charts/spire-agent
  version: 0.1.0
- name: spire-agent
  repository: file://./charts/spire-agent
  version: 0.1.0
- name: spiffe-csi-driver
  repository: file://./charts/spiffe-csi-driver
  version: 0.1.0
- name: spiffe-csi-driver
  repository: file://./charts/spiffe-csi-driver
  version: 0.1.0
- name: spiffe-oidc-discovery-provider
  repository: file://./charts/spiffe-oidc-discovery-provider
  version: 0.1.0
- name: tornjak-frontend
  repository: file://./charts/tornjak-frontend
  version: 0.1.0
digest: sha256:64c9b5b3ccd87fad288fcdd4ea861bbd0df34ec4002a1685d7160e89de14dee0
generated: "2024-11-17T22:59:27.74556502Z"
